
Microsoft Visual Studio Solution File, Format Version 12.00
# Visual Studio Version 17
VisualStudioVersion = 17.7.33711.374
MinimumVisualStudioVersion = 10.0.40219.1
Project("{FAE04EC0-301F-11D3-BF4B-00C04F79EFBC}") = "MauiAppClient", "MauiAppClient\MauiAppClient.csproj", "{A9A222C9-E0C2-4EC1-B02D-F31EE3840690}"
EndProject
Project("{FAE04EC0-301F-11D3-BF4B-00C04F79EFBC}") = "MyServerApp", "MyServerApp\MyServerApp.csproj", "{A5502524-0E11-4104-A50E-7E007D93EBFD}"
EndProject
Global
	GlobalSection(SolutionConfigurationPlatforms) = preSolution
		Debug|Any CPU = Debug|Any CPU
		Release|Any CPU = Release|Any CPU
	EndGlobalSection
	GlobalSection(ProjectConfigurationPlatforms) = postSolution
		{A9A222C9-E0C2-4EC1-B02D-F31EE3840690}.Debug|Any CPU.ActiveCfg = Debug|Any CPU
		{A9A222C9-E0C2-4EC1-B02D-F31EE3840690}.Debug|Any CPU.Build.0 = Debug|Any CPU
		{A9A222C9-E0C2-4EC1-B02D-F31EE3840690}.Debug|Any CPU.Deploy.0 = Debug|Any CPU
		{A9A222C9-E0C2-4EC1-B02D-F31EE3840690}.Release|Any CPU.ActiveCfg = Release|Any CPU
		{A9A222C9-E0C2-4EC1-B02D-F31EE3840690}.Release|Any CPU.Build.0 = Release|Any CPU
		{A9A222C9-E0C2-4EC1-B02D-F31EE3840690}.Release|Any CPU.Deploy.0 = Release|Any CPU
		{A5502524-0E11-4104-A50E-7E007D93EBFD}.Debug|Any CPU.ActiveCfg = Debug|Any CPU
		{A5502524-0E11-4104-A50E-7E007D93EBFD}.Debug|Any CPU.Build.0 = Debug|Any CPU
		{A5502524-0E11-4104-A50E-7E007D93EBFD}.Release|Any CPU.ActiveCfg = Release|Any CPU
		{A5502524-0E11-4104-A50E-7E007D93EBFD}.Release|Any CPU.Build.0 = Release|Any CPU
	EndGlobalSection
	GlobalSection(SolutionProperties) = preSolution
		HideSolutionNode = FALSE
	EndGlobalSection
	GlobalSection(ExtensibilityGlobals) = postSolution
		SolutionGuid = {17B6DF0B-78BA-4DAD-AD6E-804A4CA491D4}
	EndGlobalSection
EndGlobal
